
Microsoft Visual Studio Solution File, Format Version 12.00
# Visual Studio Version 17
VisualStudioVersion = 17.0.32014.148
MinimumVisualStudioVersion = 10.0.40219.1
Project("{9A19103F-16F7-4668-BE54-9A1E7A4F7556}") = "SparseVector", "SparseVector\SparseVector.csproj", "{5BFD701E-1F16-4EE2-BD61-D370B01BA8AD}"
EndProject
Project("{9A19103F-16F7-4668-BE54-9A1E7A4F7556}") = "SparseVector.Tests", "SparseVector.Tests\SparseVector.Tests.csproj", "{6AFE11C6-1CD6-479D-BEBE-D3DFCF430A72}"
EndProject
Global
	GlobalSection(SolutionConfigurationPlatforms) = preSolution
		Debug|Any CPU = Debug|Any CPU
		Release|Any CPU = Release|Any CPU
	EndGlobalSection
	GlobalSection(ProjectConfigurationPlatforms) = postSolution
		{5BFD701E-1F16-4EE2-BD61-D370B01BA8AD}.Debug|Any CPU.ActiveCfg = Debug|Any CPU
		{5BFD701E-1F16-4EE2-BD61-D370B01BA8AD}.Debug|Any CPU.Build.0 = Debug|Any CPU
		{5BFD701E-1F16-4EE2-BD61-D370B01BA8AD}.Release|Any CPU.ActiveCfg = Release|Any CPU
		{5BFD701E-1F16-4EE2-BD61-D370B01BA8AD}.Release|Any CPU.Build.0 = Release|Any CPU
		{6AFE11C6-1CD6-479D-BEBE-D3DFCF430A72}.Debug|Any CPU.ActiveCfg = Debug|Any CPU
		{6AFE11C6-1CD6-479D-BEBE-D3DFCF430A72}.Debug|Any CPU.Build.0 = Debug|Any CPU
		{6AFE11C6-1CD6-479D-BEBE-D3DFCF430A72}.Release|Any CPU.ActiveCfg = Release|Any CPU
		{6AFE11C6-1CD6-479D-BEBE-D3DFCF430A72}.Release|Any CPU.Build.0 = Release|Any CPU
	EndGlobalSection
	GlobalSection(SolutionProperties) = preSolution
		HideSolutionNode = FALSE
	EndGlobalSection
	GlobalSection(ExtensibilityGlobals) = postSolution
		SolutionGuid = {AEE99BD1-5FA5-4E22-BF29-80185A241AC9}
	EndGlobalSection
EndGlobal
