
Microsoft Visual Studio Solution File, Format Version 12.00
# Visual Studio Version 17
VisualStudioVersion = 17.0.32014.148
MinimumVisualStudioVersion = 10.0.40219.1
Project("{9A19103F-16F7-4668-BE54-9A1E7A4F7556}") = "MapFilterFold", "MapFilterFold\MapFilterFold.csproj", "{1FEBFD47-823B-4659-84D6-346A1BF0A02B}"
EndProject
Project("{9A19103F-16F7-4668-BE54-9A1E7A4F7556}") = "MapFilterFold.Tests", "MapFilterFold.Tests\MapFilterFold.Tests.csproj", "{EC24EF2A-19FA-4A68-8ECA-AC843FBE0C89}"
EndProject
Global
	GlobalSection(SolutionConfigurationPlatforms) = preSolution
		Debug|Any CPU = Debug|Any CPU
		Release|Any CPU = Release|Any CPU
	EndGlobalSection
	GlobalSection(ProjectConfigurationPlatforms) = postSolution
		{1FEBFD47-823B-4659-84D6-346A1BF0A02B}.Debug|Any CPU.ActiveCfg = Debug|Any CPU
		{1FEBFD47-823B-4659-84D6-346A1BF0A02B}.Debug|Any CPU.Build.0 = Debug|Any CPU
		{1FEBFD47-823B-4659-84D6-346A1BF0A02B}.Release|Any CPU.ActiveCfg = Release|Any CPU
		{1FEBFD47-823B-4659-84D6-346A1BF0A02B}.Release|Any CPU.Build.0 = Release|Any CPU
		{EC24EF2A-19FA-4A68-8ECA-AC843FBE0C89}.Debug|Any CPU.ActiveCfg = Debug|Any CPU
		{EC24EF2A-19FA-4A68-8ECA-AC843FBE0C89}.Debug|Any CPU.Build.0 = Debug|Any CPU
		{EC24EF2A-19FA-4A68-8ECA-AC843FBE0C89}.Release|Any CPU.ActiveCfg = Release|Any CPU
		{EC24EF2A-19FA-4A68-8ECA-AC843FBE0C89}.Release|Any CPU.Build.0 = Release|Any CPU
	EndGlobalSection
	GlobalSection(SolutionProperties) = preSolution
		HideSolutionNode = FALSE
	EndGlobalSection
	GlobalSection(ExtensibilityGlobals) = postSolution
		SolutionGuid = {A22DF5EA-97AD-4359-BD3B-FFFD9A6A10D6}
	EndGlobalSection
EndGlobal
