
Microsoft Visual Studio Solution File, Format Version 12.00
# Visual Studio Version 17
VisualStudioVersion = 17.0.32014.148
MinimumVisualStudioVersion = 10.0.40219.1
Project("{FAE04EC0-301F-11D3-BF4B-00C04F79EFBC}") = "Calculator", "Calculator\Calculator.csproj", "{0FA952F5-1F20-4E03-AF73-1BF0A147726F}"
EndProject
Global
	GlobalSection(SolutionConfigurationPlatforms) = preSolution
		Debug|Any CPU = Debug|Any CPU
		Release|Any CPU = Release|Any CPU
	EndGlobalSection
	GlobalSection(ProjectConfigurationPlatforms) = postSolution
		{0FA952F5-1F20-4E03-AF73-1BF0A147726F}.Debug|Any CPU.ActiveCfg = Debug|Any CPU
		{0FA952F5-1F20-4E03-AF73-1BF0A147726F}.Debug|Any CPU.Build.0 = Debug|Any CPU
		{0FA952F5-1F20-4E03-AF73-1BF0A147726F}.Release|Any CPU.ActiveCfg = Release|Any CPU
		{0FA952F5-1F20-4E03-AF73-1BF0A147726F}.Release|Any CPU.Build.0 = Release|Any CPU
	EndGlobalSection
	GlobalSection(SolutionProperties) = preSolution
		HideSolutionNode = FALSE
	EndGlobalSection
	GlobalSection(ExtensibilityGlobals) = postSolution
		SolutionGuid = {03D1CD6E-0502-411E-8076-22E7B80F4FEC}
	EndGlobalSection
EndGlobal
